
Microsoft Visual Studio Solution File, Format Version 12.00
# Visual Studio 15
VisualStudioVersion = 15.0.28307.779
MinimumVisualStudioVersion = 10.0.40219.1
Project("{FAE04EC0-301F-11D3-BF4B-00C04F79EFBC}") = "Question2CarUML", "Question2CarUML\Question2CarUML.csproj", "{F95B17DF-D7FD-4BA9-81C6-8FA1D0749042}"
EndProject
Global
	GlobalSection(SolutionConfigurationPlatforms) = preSolution
		Debug|Any CPU = Debug|Any CPU
		Release|Any CPU = Release|Any CPU
	EndGlobalSection
	GlobalSection(ProjectConfigurationPlatforms) = postSolution
		{F95B17DF-D7FD-4BA9-81C6-8FA1D0749042}.Debug|Any CPU.ActiveCfg = Debug|Any CPU
		{F95B17DF-D7FD-4BA9-81C6-8FA1D0749042}.Debug|Any CPU.Build.0 = Debug|Any CPU
		{F95B17DF-D7FD-4BA9-81C6-8FA1D0749042}.Release|Any CPU.ActiveCfg = Release|Any CPU
		{F95B17DF-D7FD-4BA9-81C6-8FA1D0749042}.Release|Any CPU.Build.0 = Release|Any CPU
	EndGlobalSection
	GlobalSection(SolutionProperties) = preSolution
		HideSolutionNode = FALSE
	EndGlobalSection
	GlobalSection(ExtensibilityGlobals) = postSolution
		SolutionGuid = {63D3CBAA-1527-40A8-8F30-D628E10B9809}
	EndGlobalSection
EndGlobal
